Microsoft Visual Studio Solution File, Format Version 11.00
# Visual Studio 2008

Project("{5C9B32F5-B8A6-067C-7C8C-A0239FF265E8}") = "digital-sound-tank-game", "Assembly-CSharp-firstpass.csproj", "{7A202479-7B07-EF92-6E28-816F9CF3AE95}"
EndProject
Project("{5C9B32F5-B8A6-067C-7C8C-A0239FF265E8}") = "digital-sound-tank-game", "Assembly-CSharp.csproj", "{D4F3609D-A4C0-B8C7-D88A-7BAEB6F3D74B}"
EndProject
Project("{5C9B32F5-B8A6-067C-7C8C-A0239FF265E8}") = "digital-sound-tank-game", "Assembly-CSharp-Editor.csproj", "{E2846B51-225F-D1C1-21B8-47711D09B04F}"
EndProject
Global
	GlobalSection(SolutionConfigurationPlatforms) = preSolution
		Debug|Any CPU = Debug|Any CPU
		Release|Any CPU = Release|Any CPU
	EndGlobalSection
	GlobalSection(ProjectConfigurationPlatforms) = postSolution
		{7A202479-7B07-EF92-6E28-816F9CF3AE95}.Debug|Any CPU.ActiveCfg = Debug|Any CPU
		{7A202479-7B07-EF92-6E28-816F9CF3AE95}.Debug|Any CPU.Build.0 = Debug|Any CPU
		{7A202479-7B07-EF92-6E28-816F9CF3AE95}.Release|Any CPU.ActiveCfg = Release|Any CPU
		{7A202479-7B07-EF92-6E28-816F9CF3AE95}.Release|Any CPU.Build.0 = Release|Any CPU
		{D4F3609D-A4C0-B8C7-D88A-7BAEB6F3D74B}.Debug|Any CPU.ActiveCfg = Debug|Any CPU
		{D4F3609D-A4C0-B8C7-D88A-7BAEB6F3D74B}.Debug|Any CPU.Build.0 = Debug|Any CPU
		{D4F3609D-A4C0-B8C7-D88A-7BAEB6F3D74B}.Release|Any CPU.ActiveCfg = Release|Any CPU
		{D4F3609D-A4C0-B8C7-D88A-7BAEB6F3D74B}.Release|Any CPU.Build.0 = Release|Any CPU
		{E2846B51-225F-D1C1-21B8-47711D09B04F}.Debug|Any CPU.ActiveCfg = Debug|Any CPU
		{E2846B51-225F-D1C1-21B8-47711D09B04F}.Debug|Any CPU.Build.0 = Debug|Any CPU
		{E2846B51-225F-D1C1-21B8-47711D09B04F}.Release|Any CPU.ActiveCfg = Release|Any CPU
		{E2846B51-225F-D1C1-21B8-47711D09B04F}.Release|Any CPU.Build.0 = Release|Any CPU
	EndGlobalSection
	GlobalSection(SolutionProperties) = preSolution
		HideSolutionNode = FALSE
	EndGlobalSection
																																				GlobalSection(MonoDevelopProperties) = preSolution
		StartupItem = Assembly-CSharp.csproj
		Policies = $0
		$0.TextStylePolicy = $1
		$1.inheritsSet = null
		$1.scope = text/x-csharp
		$0.CSharpFormattingPolicy = $2
		$2.inheritsSet = Mono
		$2.inheritsScope = text/x-csharp
		$2.scope = text/x-csharp
		$0.TextStylePolicy = $3
		$3.FileWidth = 120
		$3.TabWidth = 4
		$3.IndentWidth = 4
		$3.EolMarker = Unix
		$3.inheritsSet = Mono
		$3.inheritsScope = text/plain
		$3.scope = text/plain
	EndGlobalSection

EndGlobal
